PODS:
  - Kingfisher (6.3.1)
  - RZColorfulSwift (0.5.0)
  - SnapKit (5.6.0)

DEPENDENCIES:
  - Kingfisher
  - RZColorfulSwift (from `../`)
  - SnapKit

SPEC REPOS:
  trunk:
    - Kingfisher
    - SnapKit

EXTERNAL SOURCES:
  RZColorfulSwift:
    :path: "../"

SPEC CHECKSUMS:
  Kingfisher: 016c8b653a35add51dd34a3aba36b580041acc74
  RZColorfulSwift: c4cb0c4668a77a9a1b5cb1a884f6ae20f2be3f58
  SnapKit: e01d52ebb8ddbc333eefe2132acf85c8227d9c25

PODFILE CHECKSUM: 05ec5f08a04f84205fec808021426ccfe4f4ded7

COCOAPODS: 1.11.3
