// !$*UTF8*$!
{
	archiveVersion = 1;
	classes = {
	};
	objectVersion = 50;
	objects = {

/* Begin PBXBuildFile section */
		7604BB9F20F3011E00063105 /* AppDelegate.swift in Sources */ = {isa = PBXBuildFile; fileRef = 7604BB9E20F3011E00063105 /* AppDelegate.swift */; };
		7604BBA120F3011E00063105 /* ViewController.swift in Sources */ = {isa = PBXBuildFile; fileRef = 7604BBA020F3011E00063105 /* ViewController.swift */; };
		7604BBA420F3011F00063105 /* Main.storyboard in Resources */ = {isa = PBXBuildFile; fileRef = 7604BBA220F3011F00063105 /* Main.storyboard */; };
		7604BBA620F3012000063105 /* Assets.xcassets in Resources */ = {isa = PBXBuildFile; fileRef = 7604BBA520F3012000063105 /* Assets.xcassets */; };
		7604BBA920F3012000063105 /* LaunchScreen.storyboard in Resources */ = {isa = PBXBuildFile; fileRef = 7604BBA720F3012000063105 /* LaunchScreen.storyboard */; };
		7604BBB620F33A0400063105 /* RZColorfulConferrer.swift in Sources */ = {isa = PBXBuildFile; fileRef = 7604BBB520F33A0400063105 /* RZColorfulConferrer.swift */; };
		7604BBB820F3571A00063105 /* RZTextAttribute.swift in Sources */ = {isa = PBXBuildFile; fileRef = 7604BBB720F3571A00063105 /* RZTextAttribute.swift */; };
		7604BBBA20F358D600063105 /* RZImageAttribute.swift in Sources */ = {isa = PBXBuildFile; fileRef = 7604BBB920F358D600063105 /* RZImageAttribute.swift */; };
		7604BBBC20F35EB600063105 /* indexMore@3x.png in Resources */ = {isa = PBXBuildFile; fileRef = 7604BBBB20F35EB500063105 /* indexMore@3x.png */; };
		760B3B5820F5EDF600848299 /* RZParagraphStyle.swift in Sources */ = {isa = PBXBuildFile; fileRef = 760B3B5720F5EDF600848299 /* RZParagraphStyle.swift */; };
		763F8727240515D700781968 /* RZTapActionHelper.swift in Sources */ = {isa = PBXBuildFile; fileRef = 763F8726240515D700781968 /* RZTapActionHelper.swift */; };
		765173AE24060CD400D2F11D /* UILabelRZColorful.swift in Sources */ = {isa = PBXBuildFile; fileRef = 765173AD24060CD400D2F11D /* UILabelRZColorful.swift */; };
		765173B024060D7200D2F11D /* UITextFieldRZColorful.swift in Sources */ = {isa = PBXBuildFile; fileRef = 765173AF24060D7200D2F11D /* UITextFieldRZColorful.swift */; };
		765173B224060DA200D2F11D /* UITextViewRZColorful.swift in Sources */ = {isa = PBXBuildFile; fileRef = 765173B124060DA200D2F11D /* UITextViewRZColorful.swift */; };
		765173B424060E4000D2F11D /* NSAttributedStringRZColorful.swift in Sources */ = {isa = PBXBuildFile; fileRef = 765173B324060E4000D2F11D /* NSAttributedStringRZColorful.swift */; };
		7699C9732122B77300C5CF6E /* RZColorful.swift in Sources */ = {isa = PBXBuildFile; fileRef = 7699C9722122B77300C5CF6E /* RZColorful.swift */; };
		769F5F7920F728E700E86E04 /* TestViewController.swift in Sources */ = {isa = PBXBuildFile; fileRef = 769F5F7820F728E700E86E04 /* TestViewController.swift */; };
		769F5F7D20F74A5400E86E04 /* RZShadowStyle.swift in Sources */ = {isa = PBXBuildFile; fileRef = 769F5F7C20F74A5400E86E04 /* RZShadowStyle.swift */; };
		B2D0C16C25134F3B00CD569B /* NSAttributedStringRZHtml.swift in Sources */ = {isa = PBXBuildFile; fileRef = B2D0C16B25134F3B00CD569B /* NSAttributedStringRZHtml.swift */; };
		B2D0C16F25135F3900CD569B /* RZHtmlTransform.swift in Sources */ = {isa = PBXBuildFile; fileRef = B2D0C16E25135F3900CD569B /* RZHtmlTransform.swift */; };
/* End PBXBuildFile section */

/* Begin PBXFileReference section */
		7604BB9B20F3011E00063105 /* RZColorfulSwift.app */ = {isa = PBXFileReference; explicitFileType = wrapper.application; includeInIndex = 0; path = RZColorfulSwift.app; sourceTree = BUILT_PRODUCTS_DIR; };
		7604BB9E20F3011E00063105 /* AppDelegate.swift */ = {isa = PBXFileReference; lastKnownFileType = sourcecode.swift; path = AppDelegate.swift; sourceTree = "<group>"; };
		7604BBA020F3011E00063105 /* ViewController.swift */ = {isa = PBXFileReference; lastKnownFileType = sourcecode.swift; path = ViewController.swift; sourceTree = "<group>"; };
		7604BBA320F3011F00063105 /* Base */ = {isa = PBXFileReference; lastKnownFileType = file.storyboard; name = Base; path = Base.lproj/Main.storyboard; sourceTree = "<group>"; };
		7604BBA520F3012000063105 /* Assets.xcassets */ = {isa = PBXFileReference; lastKnownFileType = folder.assetcatalog; path = Assets.xcassets; sourceTree = "<group>"; };
		7604BBA820F3012000063105 /* Base */ = {isa = PBXFileReference; lastKnownFileType = file.storyboard; name = Base; path = Base.lproj/LaunchScreen.storyboard; sourceTree = "<group>"; };
		7604BBAA20F3012100063105 /* Info.plist */ = {isa = PBXFileReference; lastKnownFileType = text.plist.xml; path = Info.plist; sourceTree = "<group>"; };
		7604BBB520F33A0400063105 /* RZColorfulConferrer.swift */ = {isa = PBXFileReference; lastKnownFileType = sourcecode.swift; path = RZColorfulConferrer.swift; sourceTree = "<group>"; };
		7604BBB720F3571A00063105 /* RZTextAttribute.swift */ = {isa = PBXFileReference; lastKnownFileType = sourcecode.swift; path = RZTextAttribute.swift; sourceTree = "<group>"; };
		7604BBB920F358D600063105 /* RZImageAttribute.swift */ = {isa = PBXFileReference; lastKnownFileType = sourcecode.swift; path = RZImageAttribute.swift; sourceTree = "<group>"; };
		7604BBBB20F35EB500063105 /* indexMore@3x.png */ = {isa = PBXFileReference; lastKnownFileType = image.png; path = "indexMore@3x.png"; sourceTree = "<group>"; };
		760B3B5720F5EDF600848299 /* RZParagraphStyle.swift */ = {isa = PBXFileReference; lastKnownFileType = sourcecode.swift; path = RZParagraphStyle.swift; sourceTree = "<group>"; };
		763F8726240515D700781968 /* RZTapActionHelper.swift */ = {isa = PBXFileReference; lastKnownFileType = sourcecode.swift; path = RZTapActionHelper.swift; sourceTree = "<group>"; };
		765173AD24060CD400D2F11D /* UILabelRZColorful.swift */ = {isa = PBXFileReference; lastKnownFileType = sourcecode.swift; path = UILabelRZColorful.swift; sourceTree = "<group>"; };
		765173AF24060D7200D2F11D /* UITextFieldRZColorful.swift */ = {isa = PBXFileReference; lastKnownFileType = sourcecode.swift; path = UITextFieldRZColorful.swift; sourceTree = "<group>"; };
		765173B124060DA200D2F11D /* UITextViewRZColorful.swift */ = {isa = PBXFileReference; lastKnownFileType = sourcecode.swift; path = UITextViewRZColorful.swift; sourceTree = "<group>"; };
		765173B324060E4000D2F11D /* NSAttributedStringRZColorful.swift */ = {isa = PBXFileReference; lastKnownFileType = sourcecode.swift; path = NSAttributedStringRZColorful.swift; sourceTree = "<group>"; };
		7699C9722122B77300C5CF6E /* RZColorful.swift */ = {isa = PBXFileReference; lastKnownFileType = sourcecode.swift; path = RZColorful.swift; sourceTree = "<group>"; };
		769F5F7820F728E700E86E04 /* TestViewController.swift */ = {isa = PBXFileReference; lastKnownFileType = sourcecode.swift; path = TestViewController.swift; sourceTree = "<group>"; };
		769F5F7C20F74A5400E86E04 /* RZShadowStyle.swift */ = {isa = PBXFileReference; lastKnownFileType = sourcecode.swift; path = RZShadowStyle.swift; sourceTree = "<group>"; };
		B2D0C16B25134F3B00CD569B /* NSAttributedStringRZHtml.swift */ = {isa = PBXFileReference; lastKnownFileType = sourcecode.swift; path = NSAttributedStringRZHtml.swift; sourceTree = "<group>"; };
		B2D0C16E25135F3900CD569B /* RZHtmlTransform.swift */ = {isa = PBXFileReference; lastKnownFileType = sourcecode.swift; path = RZHtmlTransform.swift; sourceTree = "<group>"; };
/* End PBXFileReference section */

/* Begin PBXFrameworksBuildPhase section */
		7604BB9820F3011E00063105 /* Frameworks */ = {
			isa = PBXFrameworksBuildPhase;
			buildActionMask = 2147483647;
			files = (
			);
			runOnlyForDeploymentPostprocessing = 0;
		};
/* End PBXFrameworksBuildPhase section */

/* Begin PBXGroup section */
		7604BB9220F3011E00063105 = {
			isa = PBXGroup;
			children = (
				7604BB9D20F3011E00063105 /* RZColorfulSwift */,
				7604BB9C20F3011E00063105 /* Products */,
			);
			sourceTree = "<group>";
		};
		7604BB9C20F3011E00063105 /* Products */ = {
			isa = PBXGroup;
			children = (
				7604BB9B20F3011E00063105 /* RZColorfulSwift.app */,
			);
			name = Products;
			sourceTree = "<group>";
		};
		7604BB9D20F3011E00063105 /* RZColorfulSwift */ = {
			isa = PBXGroup;
			children = (
				7604BBBB20F35EB500063105 /* indexMore@3x.png */,
				7604BBB020F3030200063105 /* RZColorfulSwift */,
				7604BB9E20F3011E00063105 /* AppDelegate.swift */,
				7604BBA020F3011E00063105 /* ViewController.swift */,
				769F5F7820F728E700E86E04 /* TestViewController.swift */,
				7604BBA220F3011F00063105 /* Main.storyboard */,
				7604BBA520F3012000063105 /* Assets.xcassets */,
				7604BBA720F3012000063105 /* LaunchScreen.storyboard */,
				7604BBAA20F3012100063105 /* Info.plist */,
			);
			path = RZColorfulSwift;
			sourceTree = "<group>";
		};
		7604BBB020F3030200063105 /* RZColorfulSwift */ = {
			isa = PBXGroup;
			children = (
				7604BBB220F30CA100063105 /* Core */,
				7604BBB120F30C9700063105 /* AttributeCore */,
			);
			path = RZColorfulSwift;
			sourceTree = "<group>";
		};
		7604BBB120F30C9700063105 /* AttributeCore */ = {
			isa = PBXGroup;
			children = (
				7604BBB520F33A0400063105 /* RZColorfulConferrer.swift */,
				7604BBB720F3571A00063105 /* RZTextAttribute.swift */,
				7604BBB920F358D600063105 /* RZImageAttribute.swift */,
				760B3B5720F5EDF600848299 /* RZParagraphStyle.swift */,
				769F5F7C20F74A5400E86E04 /* RZShadowStyle.swift */,
			);
			path = AttributeCore;
			sourceTree = "<group>";
		};
		7604BBB220F30CA100063105 /* Core */ = {
			isa = PBXGroup;
			children = (
				7699C9722122B77300C5CF6E /* RZColorful.swift */,
				763F8726240515D700781968 /* RZTapActionHelper.swift */,
				765173AD24060CD400D2F11D /* UILabelRZColorful.swift */,
				765173AF24060D7200D2F11D /* UITextFieldRZColorful.swift */,
				765173B124060DA200D2F11D /* UITextViewRZColorful.swift */,
				765173B324060E4000D2F11D /* NSAttributedStringRZColorful.swift */,
				B2D0C16B25134F3B00CD569B /* NSAttributedStringRZHtml.swift */,
				B2D0C16E25135F3900CD569B /* RZHtmlTransform.swift */,
			);
			path = Core;
			sourceTree = "<group>";
		};
/* End PBXGroup section */

/* Begin PBXNativeTarget section */
		7604BB9A20F3011E00063105 /* RZColorfulSwift */ = {
			isa = PBXNativeTarget;
			buildConfigurationList = 7604BBAD20F3012100063105 /* Build configuration list for PBXNativeTarget "RZColorfulSwift" */;
			buildPhases = (
				7604BB9720F3011E00063105 /* Sources */,
				7604BB9820F3011E00063105 /* Frameworks */,
				7604BB9920F3011E00063105 /* Resources */,
			);
			buildRules = (
			);
			dependencies = (
			);
			name = RZColorfulSwift;
			productName = RZColorfulSwift;
			productReference = 7604BB9B20F3011E00063105 /* RZColorfulSwift.app */;
			productType = "com.apple.product-type.application";
		};
/* End PBXNativeTarget section */

/* Begin PBXProject section */
		7604BB9320F3011E00063105 /* Project object */ = {
			isa = PBXProject;
			attributes = {
				LastSwiftUpdateCheck = 0940;
				LastUpgradeCheck = 1130;
				ORGANIZATIONNAME = rztime;
				TargetAttributes = {
					7604BB9A20F3011E00063105 = {
						CreatedOnToolsVersion = 9.4;
						LastSwiftMigration = 1130;
					};
				};
			};
			buildConfigurationList = 7604BB9620F3011E00063105 /* Build configuration list for PBXProject "RZColorfulSwift" */;
			compatibilityVersion = "Xcode 9.3";
			developmentRegion = en;
			hasScannedForEncodings = 0;
			knownRegions = (
				en,
				Base,
			);
			mainGroup = 7604BB9220F3011E00063105;
			productRefGroup = 7604BB9C20F3011E00063105 /* Products */;
			projectDirPath = "";
			projectRoot = "";
			targets = (
				7604BB9A20F3011E00063105 /* RZColorfulSwift */,
			);
		};
/* End PBXProject section */

/* Begin PBXResourcesBuildPhase section */
		7604BB9920F3011E00063105 /* Resources */ = {
			isa = PBXResourcesBuildPhase;
			buildActionMask = 2147483647;
			files = (
				7604BBA920F3012000063105 /* LaunchScreen.storyboard in Resources */,
				7604BBBC20F35EB600063105 /* indexMore@3x.png in Resources */,
				7604BBA620F3012000063105 /* Assets.xcassets in Resources */,
				7604BBA420F3011F00063105 /* Main.storyboard in Resources */,
			);
			runOnlyForDeploymentPostprocessing = 0;
		};
/* End PBXResourcesBuildPhase section */

/* Begin PBXSourcesBuildPhase section */
		7604BB9720F3011E00063105 /* Sources */ = {
			isa = PBXSourcesBuildPhase;
			buildActionMask = 2147483647;
			files = (
				7604BBB620F33A0400063105 /* RZColorfulConferrer.swift in Sources */,
				765173B224060DA200D2F11D /* UITextViewRZColorful.swift in Sources */,
				765173B024060D7200D2F11D /* UITextFieldRZColorful.swift in Sources */,
				765173B424060E4000D2F11D /* NSAttributedStringRZColorful.swift in Sources */,
				769F5F7D20F74A5400E86E04 /* RZShadowStyle.swift in Sources */,
				7604BBBA20F358D600063105 /* RZImageAttribute.swift in Sources */,
				7604BBA120F3011E00063105 /* ViewController.swift in Sources */,
				760B3B5820F5EDF600848299 /* RZParagraphStyle.swift in Sources */,
				7699C9732122B77300C5CF6E /* RZColorful.swift in Sources */,
				7604BB9F20F3011E00063105 /* AppDelegate.swift in Sources */,
				765173AE24060CD400D2F11D /* UILabelRZColorful.swift in Sources */,
				763F8727240515D700781968 /* RZTapActionHelper.swift in Sources */,
				B2D0C16C25134F3B00CD569B /* NSAttributedStringRZHtml.swift in Sources */,
				B2D0C16F25135F3900CD569B /* RZHtmlTransform.swift in Sources */,
				769F5F7920F728E700E86E04 /* TestViewController.swift in Sources */,
				7604BBB820F3571A00063105 /* RZTextAttribute.swift in Sources */,
			);
			runOnlyForDeploymentPostprocessing = 0;
		};
/* End PBXSourcesBuildPhase section */

/* Begin PBXVariantGroup section */
		7604BBA220F3011F00063105 /* Main.storyboard */ = {
			isa = PBXVariantGroup;
			children = (
				7604BBA320F3011F00063105 /* Base */,
			);
			name = Main.storyboard;
			sourceTree = "<group>";
		};
		7604BBA720F3012000063105 /* LaunchScreen.storyboard */ = {
			isa = PBXVariantGroup;
			children = (
				7604BBA820F3012000063105 /* Base */,
			);
			name = LaunchScreen.storyboard;
			sourceTree = "<group>";
		};
/* End PBXVariantGroup section */

/* Begin XCBuildConfiguration section */
		7604BBAB20F3012100063105 /* Debug */ = {
			isa = XCBuildConfiguration;
			buildSettings = {
				ALWAYS_SEARCH_USER_PATHS = NO;
				CLANG_ANALYZER_NONNULL = YES;
				CLANG_ANALYZER_NUMBER_OBJECT_CONVERSION = YES_AGGRESSIVE;
				CLANG_CXX_LANGUAGE_STANDARD = "gnu++14";
				CLANG_CXX_LIBRARY = "libc++";
				CLANG_ENABLE_MODULES = YES;
				CLANG_ENABLE_OBJC_ARC = YES;
				CLANG_ENABLE_OBJC_WEAK = YES;
				CLANG_WARN_BLOCK_CAPTURE_AUTORELEASING = YES;
				CLANG_WARN_BOOL_CONVERSION = YES;
				CLANG_WARN_COMMA = YES;
				CLANG_WARN_CONSTANT_CONVERSION = YES;
				CLANG_WARN_DEPRECATED_OBJC_IMPLEMENTATIONS = YES;
				CLANG_WARN_DIRECT_OBJC_ISA_USAGE = YES_ERROR;
				CLANG_WARN_DOCUMENTATION_COMMENTS = YES;
				CLANG_WARN_EMPTY_BODY = YES;
				CLANG_WARN_ENUM_CONVERSION = YES;
				CLANG_WARN_INFINITE_RECURSION = YES;
				CLANG_WARN_INT_CONVERSION = YES;
				CLANG_WARN_NON_LITERAL_NULL_CONVERSION = YES;
				CLANG_WARN_OBJC_IMPLICIT_RETAIN_SELF = YES;
				CLANG_WARN_OBJC_LITERAL_CONVERSION = YES;
				CLANG_WARN_OBJC_ROOT_CLASS = YES_ERROR;
				CLANG_WARN_RANGE_LOOP_ANALYSIS = YES;
				CLANG_WARN_STRICT_PROTOTYPES = YES;
				CLANG_WARN_SUSPICIOUS_MOVE = YES;
				CLANG_WARN_UNGUARDED_AVAILABILITY = YES_AGGRESSIVE;
				CLANG_WARN_UNREACHABLE_CODE = YES;
				CLANG_WARN__DUPLICATE_METHOD_MATCH = YES;
				CODE_SIGN_IDENTITY = "iPhone Developer";
				COPY_PHASE_STRIP = NO;
				DEBUG_INFORMATION_FORMAT = dwarf;
				ENABLE_STRICT_OBJC_MSGSEND = YES;
				ENABLE_TESTABILITY = YES;
				GCC_C_LANGUAGE_STANDARD = gnu11;
				GCC_DYNAMIC_NO_PIC = NO;
				GCC_NO_COMMON_BLOCKS = YES;
				GCC_OPTIMIZATION_LEVEL = 0;
				GCC_PREPROCESSOR_DEFINITIONS = (
					"DEBUG=1",
					"$(inherited)",
				);
				GCC_WARN_64_TO_32_BIT_CONVERSION = YES;
				GCC_WARN_ABOUT_RETURN_TYPE = YES_ERROR;
				GCC_WARN_UNDECLARED_SELECTOR = YES;
				GCC_WARN_UNINITIALIZED_AUTOS = YES_AGGRESSIVE;
				GCC_WARN_UNUSED_FUNCTION = YES;
				GCC_WARN_UNUSED_VARIABLE = YES;
				IPHONEOS_DEPLOYMENT_TARGET = 8.0;
				MTL_ENABLE_DEBUG_INFO = YES;
				ONLY_ACTIVE_ARCH = YES;
				SDKROOT = iphoneos;
				SWIFT_ACTIVE_COMPILATION_CONDITIONS = DEBUG;
				SWIFT_OPTIMIZATION_LEVEL = "-Onone";
			};
			name = Debug;
		};
		7604BBAC20F3012100063105 /* Release */ = {
			isa = XCBuildConfiguration;
			buildSettings = {
				ALWAYS_SEARCH_USER_PATHS = NO;
				CLANG_ANALYZER_NONNULL = YES;
				CLANG_ANALYZER_NUMBER_OBJECT_CONVERSION = YES_AGGRESSIVE;
				CLANG_CXX_LANGUAGE_STANDARD = "gnu++14";
				CLANG_CXX_LIBRARY = "libc++";
				CLANG_ENABLE_MODULES = YES;
				CLANG_ENABLE_OBJC_ARC = YES;
				CLANG_ENABLE_OBJC_WEAK = YES;
				CLANG_WARN_BLOCK_CAPTURE_AUTORELEASING = YES;
				CLANG_WARN_BOOL_CONVERSION = YES;
				CLANG_WARN_COMMA = YES;
				CLANG_WARN_CONSTANT_CONVERSION = YES;
				CLANG_WARN_DEPRECATED_OBJC_IMPLEMENTATIONS = YES;
				CLANG_WARN_DIRECT_OBJC_ISA_USAGE = YES_ERROR;
				CLANG_WARN_DOCUMENTATION_COMMENTS = YES;
				CLANG_WARN_EMPTY_BODY = YES;
				CLANG_WARN_ENUM_CONVERSION = YES;
				CLANG_WARN_INFINITE_RECURSION = YES;
				CLANG_WARN_INT_CONVERSION = YES;
				CLANG_WARN_NON_LITERAL_NULL_CONVERSION = YES;
				CLANG_WARN_OBJC_IMPLICIT_RETAIN_SELF = YES;
				CLANG_WARN_OBJC_LITERAL_CONVERSION = YES;
				CLANG_WARN_OBJC_ROOT_CLASS = YES_ERROR;
				CLANG_WARN_RANGE_LOOP_ANALYSIS = YES;
				CLANG_WARN_STRICT_PROTOTYPES = YES;
				CLANG_WARN_SUSPICIOUS_MOVE = YES;
				CLANG_WARN_UNGUARDED_AVAILABILITY = YES_AGGRESSIVE;
				CLANG_WARN_UNREACHABLE_CODE = YES;
				CLANG_WARN__DUPLICATE_METHOD_MATCH = YES;
				CODE_SIGN_IDENTITY = "iPhone Developer";
				COPY_PHASE_STRIP = NO;
				DEBUG_INFORMATION_FORMAT = "dwarf-with-dsym";
				ENABLE_NS_ASSERTIONS = NO;
				ENABLE_STRICT_OBJC_MSGSEND = YES;
				GCC_C_LANGUAGE_STANDARD = gnu11;
				GCC_NO_COMMON_BLOCKS = YES;
				GCC_WARN_64_TO_32_BIT_CONVERSION = YES;
				GCC_WARN_ABOUT_RETURN_TYPE = YES_ERROR;
				GCC_WARN_UNDECLARED_SELECTOR = YES;
				GCC_WARN_UNINITIALIZED_AUTOS = YES_AGGRESSIVE;
				GCC_WARN_UNUSED_FUNCTION = YES;
				GCC_WARN_UNUSED_VARIABLE = YES;
				IPHONEOS_DEPLOYMENT_TARGET = 8.0;
				MTL_ENABLE_DEBUG_INFO = NO;
				SDKROOT = iphoneos;
				SWIFT_COMPILATION_MODE = wholemodule;
				SWIFT_OPTIMIZATION_LEVEL = "-O";
				VALIDATE_PRODUCT = YES;
			};
			name = Release;
		};
		7604BBAE20F3012100063105 /* Debug */ = {
			isa = XCBuildConfiguration;
			buildSettings = {
				ASSETCATALOG_COMPILER_APPICON_NAME = AppIcon;
				CLANG_ENABLE_MODULES = YES;
				CODE_SIGN_STYLE = Automatic;
				DEVELOPMENT_TEAM = LBSWTUGGNB;
				INFOPLIST_FILE = RZColorfulSwift/Info.plist;
				IPHONEOS_DEPLOYMENT_TARGET = 7.0;
				LD_RUNPATH_SEARCH_PATHS = (
					"$(inherited)",
					"@executable_path/Frameworks",
				);
				PRODUCT_BUNDLE_IDENTIFIER = com.rztime.RZColorfulSwift;
				PRODUCT_NAME = "$(TARGET_NAME)";
				SWIFT_OPTIMIZATION_LEVEL = "-Onone";
				SWIFT_VERSION = 5.0;
				TARGETED_DEVICE_FAMILY = "1,2";
			};
			name = Debug;
		};
		7604BBAF20F3012100063105 /* Release */ = {
			isa = XCBuildConfiguration;
			buildSettings = {
				ASSETCATALOG_COMPILER_APPICON_NAME = AppIcon;
				CLANG_ENABLE_MODULES = YES;
				CODE_SIGN_STYLE = Automatic;
				DEVELOPMENT_TEAM = LBSWTUGGNB;
				INFOPLIST_FILE = RZColorfulSwift/Info.plist;
				IPHONEOS_DEPLOYMENT_TARGET = 7.0;
				LD_RUNPATH_SEARCH_PATHS = (
					"$(inherited)",
					"@executable_path/Frameworks",
				);
				PRODUCT_BUNDLE_IDENTIFIER = com.rztime.RZColorfulSwift;
				PRODUCT_NAME = "$(TARGET_NAME)";
				SWIFT_VERSION = 5.0;
				TARGETED_DEVICE_FAMILY = "1,2";
			};
			name = Release;
		};
/* End XCBuildConfiguration section */

/* Begin XCConfigurationList section */
		7604BB9620F3011E00063105 /* Build configuration list for PBXProject "RZColorfulSwift" */ = {
			isa = XCConfigurationList;
			buildConfigurations = (
				7604BBAB20F3012100063105 /* Debug */,
				7604BBAC20F3012100063105 /* Release */,
			);
			defaultConfigurationIsVisible = 0;
			defaultConfigurationName = Release;
		};
		7604BBAD20F3012100063105 /* Build configuration list for PBXNativeTarget "RZColorfulSwift" */ = {
			isa = XCConfigurationList;
			buildConfigurations = (
				7604BBAE20F3012100063105 /* Debug */,
				7604BBAF20F3012100063105 /* Release */,
			);
			defaultConfigurationIsVisible = 0;
			defaultConfigurationName = Release;
		};
/* End XCConfigurationList section */
	};
	rootObject = 7604BB9320F3011E00063105 /* Project object */;
}
